
Microsoft Visual Studio Solution File, Format Version 12.00
# Visual Studio Version 16
VisualStudioVersion = 16.0.31112.23
MinimumVisualStudioVersion = 10.0.40219.1
Project("{9A19103F-16F7-4668-BE54-9A1E7A4F7556}") = "TelegramLibrary", "TelegramLibrary\TelegramLibrary.csproj", "{B3349C9A-1216-4C83-A68F-5CF7860E706B}"
EndProject
Global
	GlobalSection(SolutionConfigurationPlatforms) = preSolution
		Debug|Any CPU = Debug|Any CPU
		Release|Any CPU = Release|Any CPU
	EndGlobalSection
	GlobalSection(ProjectConfigurationPlatforms) = postSolution
		{B3349C9A-1216-4C83-A68F-5CF7860E706B}.Debug|Any CPU.ActiveCfg = Debug|Any CPU
		{B3349C9A-1216-4C83-A68F-5CF7860E706B}.Debug|Any CPU.Build.0 = Debug|Any CPU
		{B3349C9A-1216-4C83-A68F-5CF7860E706B}.Release|Any CPU.ActiveCfg = Release|Any CPU
		{B3349C9A-1216-4C83-A68F-5CF7860E706B}.Release|Any CPU.Build.0 = Release|Any CPU
	EndGlobalSection
	GlobalSection(SolutionProperties) = preSolution
		HideSolutionNode = FALSE
	EndGlobalSection
	GlobalSection(ExtensibilityGlobals) = postSolution
		SolutionGuid = {ECFDED48-7D50-42E7-A0B8-F11510FF8BD7}
	EndGlobalSection
EndGlobal
